
Microsoft Visual Studio Solution File, Format Version 12.00
# Visual Studio 2012
Project("{FAE04EC0-301F-11D3-BF4B-00C04F79EFBC}") = "MetaFunc", "Meta\MetaFunc.csproj", "{71AF5B6D-02A5-4C09-9214-3D8113B6939A}"
EndProject
Project("{FAE04EC0-301F-11D3-BF4B-00C04F79EFBC}") = "RunnerTests", "Tests\RunnerTests.csproj", "{0EFAF219-AE97-450E-B382-732EA32C04D3}"
EndProject
Project("{FAE04EC0-301F-11D3-BF4B-00C04F79EFBC}") = "Runner", "Runner\Runner.csproj", "{6B02980D-8E22-46E4-8CAE-63541D0D1DD3}"
EndProject
Project("{2150E333-8FDC-42A3-9474-1A3956D46DE8}") = ".nuget", ".nuget", "{2279EDA8-7A00-4322-BDDE-F89132B881DC}"
	ProjectSection(SolutionItems) = preProject
		.nuget\NuGet.Config = .nuget\NuGet.Config
		.nuget\NuGet.exe = .nuget\NuGet.exe
		.nuget\NuGet.targets = .nuget\NuGet.targets
	EndProjectSection
EndProject
Global
	GlobalSection(SolutionConfigurationPlatforms) = preSolution
		Debug|Any CPU = Debug|Any CPU
		Release|Any CPU = Release|Any CPU
	EndGlobalSection
	GlobalSection(ProjectConfigurationPlatforms) = postSolution
		{71AF5B6D-02A5-4C09-9214-3D8113B6939A}.Debug|Any CPU.ActiveCfg = Debug|Any CPU
		{71AF5B6D-02A5-4C09-9214-3D8113B6939A}.Debug|Any CPU.Build.0 = Debug|Any CPU
		{71AF5B6D-02A5-4C09-9214-3D8113B6939A}.Release|Any CPU.ActiveCfg = Release|Any CPU
		{71AF5B6D-02A5-4C09-9214-3D8113B6939A}.Release|Any CPU.Build.0 = Release|Any CPU
		{0EFAF219-AE97-450E-B382-732EA32C04D3}.Debug|Any CPU.ActiveCfg = Debug|Any CPU
		{0EFAF219-AE97-450E-B382-732EA32C04D3}.Debug|Any CPU.Build.0 = Debug|Any CPU
		{0EFAF219-AE97-450E-B382-732EA32C04D3}.Release|Any CPU.ActiveCfg = Release|Any CPU
		{0EFAF219-AE97-450E-B382-732EA32C04D3}.Release|Any CPU.Build.0 = Release|Any CPU
		{6B02980D-8E22-46E4-8CAE-63541D0D1DD3}.Debug|Any CPU.ActiveCfg = Debug|Any CPU
		{6B02980D-8E22-46E4-8CAE-63541D0D1DD3}.Debug|Any CPU.Build.0 = Debug|Any CPU
		{6B02980D-8E22-46E4-8CAE-63541D0D1DD3}.Release|Any CPU.ActiveCfg = Release|Any CPU
		{6B02980D-8E22-46E4-8CAE-63541D0D1DD3}.Release|Any CPU.Build.0 = Release|Any CPU
	EndGlobalSection
	GlobalSection(SolutionProperties) = preSolution
		HideSolutionNode = FALSE
	EndGlobalSection
EndGlobal
